# THIS IS AN AUTOGENERATED FILE. DO NOT EDIT THIS FILE DIRECTLY.
# yarn lockfile v1


"@axe-core/playwright@^4.10.2":
  version "4.10.2"
  resolved "https://registry.yarnpkg.com/@axe-core/playwright/-/playwright-4.10.2.tgz#f2d364986ce2ce58ef845c5def62ae7444c1d3aa"
  integrity sha512-6/b5BJjG6hDaRNtgzLIfKr5DfwyiLHO4+ByTLB0cJgWSM8Ll7KqtdblIS6bEkwSF642/Ex91vNqIl3GLXGlceg==
  dependencies:
    axe-core "~4.10.3"

"@playwright/test@1.53.2":
  version "1.53.2"
  resolved "https://registry.yarnpkg.com/@playwright/test/-/test-1.53.2.tgz#fafb8dd5e109fc238c4580f82bebc2618f929f77"
  integrity sha512-tEB2U5z74ebBeyfGNZ3Jfg29AnW+5HlWhvHtb/Mqco9pFdZU1ZLNdVb2UtB5CvmiilNr2ZfVH/qMmAROG/XTzw==
  dependencies:
    playwright "1.53.2"

"@types/node@^24.0.12":
  version "24.0.12"
  resolved "https://registry.yarnpkg.com/@types/node/-/node-24.0.12.tgz#3cf8719572145cfecf4cf9d180d8e7f74a61af00"
  integrity sha512-LtOrbvDf5ndC9Xi+4QZjVL0woFymF/xSTKZKPgrrl7H7XoeDvnD+E2IclKVDyaK9UM756W/3BXqSU+JEHopA9g==
  dependencies:
    undici-types "~7.8.0"

axe-core@~4.10.3:
  version "4.10.3"
  resolved "https://registry.yarnpkg.com/axe-core/-/axe-core-4.10.3.tgz#04145965ac7894faddbac30861e5d8f11bfd14fc"
  integrity sha512-Xm7bpRXnDSX2YE2YFfBk2FnF0ep6tmG7xPh8iHee8MIcrgq762Nkce856dYtJYLkuIoYZvGfTs/PbZhideTcEg==

dotenv@^17.1.0:
  version "17.1.0"
  resolved "https://registry.yarnpkg.com/dotenv/-/dotenv-17.1.0.tgz#164fa6ac1392165f5e2d8eb55296b0894e7d6a22"
  integrity sha512-tG9VUTJTuju6GcXgbdsOuRhupE8cb4mRgY5JLRCh4MtGoVo3/gfGUtOMwmProM6d0ba2mCFvv+WrpYJV6qgJXQ==

fsevents@2.3.2:
  version "2.3.2"
  resolved "https://registry.yarnpkg.com/fsevents/-/fsevents-2.3.2.tgz#8a526f78b8fdf4623b709e0b975c52c24c02fd1a"
  integrity sha512-xiqMQR4xAeHTuB9uWm+fFRcIOgKBMiOBP+eXiyT7jsgVCq1bkVygt00oASowB7EdtpOHaaPgKt812P9ab+DDKA==

playwright-core@1.53.2:
  version "1.53.2"
  resolved "https://registry.yarnpkg.com/playwright-core/-/playwright-core-1.53.2.tgz#78f71e2f727713daa8d360dc11c460022c13cf91"
  integrity sha512-ox/OytMy+2w1jcYEYlOo1Hhp8hZkLCximMTUTMBXjGUA1KoFfiSZ+DU+3a739jsPY0yoKH2TFy9S2fsJas8yAw==

playwright@1.53.2:
  version "1.53.2"
  resolved "https://registry.yarnpkg.com/playwright/-/playwright-1.53.2.tgz#cc2ef4a22da1ae562e0ed91edb9e22a7c4371305"
  integrity sha512-6K/qQxVFuVQhRQhFsVZ9fGeatxirtrpPgxzBYWyZLEXJzqYwuL4fuNmfOfD5et1tJE4GScKyPNeLhZeRwuTU3A==
  dependencies:
    playwright-core "1.53.2"
  optionalDependencies:
    fsevents "2.3.2"

undici-types@~7.8.0:
  version "7.8.0"
  resolved "https://registry.yarnpkg.com/undici-types/-/undici-types-7.8.0.tgz#de00b85b710c54122e44fbfd911f8d70174cd294"
  integrity sha512-9UJ2xGDvQ43tYyVMpuHlsgApydB8ZKfVYTsLDhXkFL/6gfkp+U8xTGdh8pMJv1SpZna0zxG1DwsKZsreLbXBxw==
