# THIS IS AN AUTOGENERATED FILE. DO NOT EDIT THIS FILE DIRECTLY.
# yarn lockfile v1


"@axe-core/playwright@^4.10.0":
  version "4.10.0"
  resolved "https://registry.yarnpkg.com/@axe-core/playwright/-/playwright-4.10.0.tgz#c9e8d0d694e8c0bd18c4636516dc22496fc03bfe"
  integrity sha512-kEr3JPEVUSnKIYp/egV2jvFj+chIjCjPp3K3zlpJMza/CB3TFw8UZNbI9agEC2uMz4YbgAOyzlbUy0QS+OofFA==
  dependencies:
    axe-core "~4.10.0"

"@playwright/test@1.46.1":
  version "1.46.1"
  resolved "https://registry.yarnpkg.com/@playwright/test/-/test-1.46.1.tgz#a8dfdcd623c4c23bb1b7ea588058aad41055c188"
  integrity sha512-Fq6SwLujA/DOIvNC2EL/SojJnkKf/rAwJ//APpJJHRyMi1PdKrY3Az+4XNQ51N4RTbItbIByQ0jgd1tayq1aeA==
  dependencies:
    playwright "1.46.1"

"@types/node@^22.5.3":
  version "22.5.3"
  resolved "https://registry.yarnpkg.com/@types/node/-/node-22.5.3.tgz#91a374e42c6e7ccb5893a87f1775f36ce1671d65"
  integrity sha512-njripolh85IA9SQGTAqbmnNZTdxv7X/4OYGPz8tgy5JDr8MP+uDBa921GpYEoDDnwm0Hmn5ZPeJgiiSTPoOzkQ==
  dependencies:
    undici-types "~6.19.2"

axe-core@~4.10.0:
  version "4.10.0"
  resolved "https://registry.yarnpkg.com/axe-core/-/axe-core-4.10.0.tgz#d9e56ab0147278272739a000880196cdfe113b59"
  integrity sha512-Mr2ZakwQ7XUAjp7pAwQWRhhK8mQQ6JAaNWSjmjxil0R8BPioMtQsTLOolGYkji1rcL++3dCqZA3zWqpT+9Ew6g==

dotenv@^16.4.5:
  version "16.4.5"
  resolved "https://registry.yarnpkg.com/dotenv/-/dotenv-16.4.5.tgz#cdd3b3b604cb327e286b4762e13502f717cb099f"
  integrity sha512-ZmdL2rui+eB2YwhsWzjInR8LldtZHGDoQ1ugH85ppHKwpUHL7j7rN0Ti9NCnGiQbhaZ11FpR+7ao1dNsmduNUg==

fsevents@2.3.2:
  version "2.3.2"
  resolved "https://registry.yarnpkg.com/fsevents/-/fsevents-2.3.2.tgz#8a526f78b8fdf4623b709e0b975c52c24c02fd1a"
  integrity sha512-xiqMQR4xAeHTuB9uWm+fFRcIOgKBMiOBP+eXiyT7jsgVCq1bkVygt00oASowB7EdtpOHaaPgKt812P9ab+DDKA==

playwright-core@1.46.1:
  version "1.46.1"
  resolved "https://registry.yarnpkg.com/playwright-core/-/playwright-core-1.46.1.tgz#28f3ab35312135dda75b0c92a3e5c0e7edb9cc8b"
  integrity sha512-h9LqIQaAv+CYvWzsZ+h3RsrqCStkBHlgo6/TJlFst3cOTlLghBQlJwPOZKQJTKNaD3QIB7aAVQ+gfWbN3NXB7A==

playwright@1.46.1:
  version "1.46.1"
  resolved "https://registry.yarnpkg.com/playwright/-/playwright-1.46.1.tgz#ea562bc48373648e10420a10c16842f0b227c218"
  integrity sha512-oPcr1yqoXLCkgKtD5eNUPLiN40rYEM39odNpIb6VE6S7/15gJmA1NzVv6zJYusV0e7tzvkU/utBFNa/Kpxmwng==
  dependencies:
    playwright-core "1.46.1"
  optionalDependencies:
    fsevents "2.3.2"

undici-types@~6.19.2:
  version "6.19.6"
  resolved "https://registry.yarnpkg.com/undici-types/-/undici-types-6.19.6.tgz#e218c3df0987f4c0e0008ca00d6b6472d9b89b36"
  integrity sha512-e/vggGopEfTKSvj4ihnOLTsqhrKRN3LeO6qSN/GxohhuRv8qH9bNQ4B8W7e/vFL+0XTnmHPB4/kegunZGA4Org==
