# THIS IS AN AUTOGENERATED FILE. DO NOT EDIT THIS FILE DIRECTLY.
# yarn lockfile v1


"@axe-core/playwright@^4.9.1":
  version "4.9.1"
  resolved "https://registry.yarnpkg.com/@axe-core/playwright/-/playwright-4.9.1.tgz#9c17c2976464d31d96d310c56df8ba100d87d772"
  integrity sha512-8m4WZbZq7/aq7ZY5IG8GqV+ZdvtGn/iJdom+wBg+iv/3BAOBIfNQtIu697a41438DzEEyptXWmC3Xl5Kx/o9/g==
  dependencies:
    axe-core "~4.9.1"

"@playwright/test@1.46.1":
  version "1.46.1"
  resolved "https://registry.yarnpkg.com/@playwright/test/-/test-1.46.1.tgz#a8dfdcd623c4c23bb1b7ea588058aad41055c188"
  integrity sha512-Fq6SwLujA/DOIvNC2EL/SojJnkKf/rAwJ//APpJJHRyMi1PdKrY3Az+4XNQ51N4RTbItbIByQ0jgd1tayq1aeA==
  dependencies:
    playwright "1.46.1"

"@types/node@^22.4.0":
  version "22.4.0"
  resolved "https://registry.yarnpkg.com/@types/node/-/node-22.4.0.tgz#c295fe1d6f5f58916cc61dbef8cf65b5b9b71de9"
  integrity sha512-49AbMDwYUz7EXxKU/r7mXOsxwFr4BYbvB7tWYxVuLdb2ibd30ijjXINSMAHiEEZk5PCRBmW1gUeisn2VMKt3cQ==
  dependencies:
    undici-types "~6.19.2"

axe-core@~4.9.1:
  version "4.9.1"
  resolved "https://registry.yarnpkg.com/axe-core/-/axe-core-4.9.1.tgz#fcd0f4496dad09e0c899b44f6c4bb7848da912ae"
  integrity sha512-QbUdXJVTpvUTHU7871ppZkdOLBeGUKBQWHkHrvN2V9IQWGMt61zf3B45BtzjxEJzYuj0JBjBZP/hmYS/R9pmAw==

dotenv@^16.4.5:
  version "16.4.5"
  resolved "https://registry.yarnpkg.com/dotenv/-/dotenv-16.4.5.tgz#cdd3b3b604cb327e286b4762e13502f717cb099f"
  integrity sha512-ZmdL2rui+eB2YwhsWzjInR8LldtZHGDoQ1ugH85ppHKwpUHL7j7rN0Ti9NCnGiQbhaZ11FpR+7ao1dNsmduNUg==

fsevents@2.3.2:
  version "2.3.2"
  resolved "https://registry.yarnpkg.com/fsevents/-/fsevents-2.3.2.tgz#8a526f78b8fdf4623b709e0b975c52c24c02fd1a"
  integrity sha512-xiqMQR4xAeHTuB9uWm+fFRcIOgKBMiOBP+eXiyT7jsgVCq1bkVygt00oASowB7EdtpOHaaPgKt812P9ab+DDKA==

playwright-core@1.46.1:
  version "1.46.1"
  resolved "https://registry.yarnpkg.com/playwright-core/-/playwright-core-1.46.1.tgz#28f3ab35312135dda75b0c92a3e5c0e7edb9cc8b"
  integrity sha512-h9LqIQaAv+CYvWzsZ+h3RsrqCStkBHlgo6/TJlFst3cOTlLghBQlJwPOZKQJTKNaD3QIB7aAVQ+gfWbN3NXB7A==

playwright@1.46.1:
  version "1.46.1"
  resolved "https://registry.yarnpkg.com/playwright/-/playwright-1.46.1.tgz#ea562bc48373648e10420a10c16842f0b227c218"
  integrity sha512-oPcr1yqoXLCkgKtD5eNUPLiN40rYEM39odNpIb6VE6S7/15gJmA1NzVv6zJYusV0e7tzvkU/utBFNa/Kpxmwng==
  dependencies:
    playwright-core "1.46.1"
  optionalDependencies:
    fsevents "2.3.2"

undici-types@~6.19.2:
  version "6.19.6"
  resolved "https://registry.yarnpkg.com/undici-types/-/undici-types-6.19.6.tgz#e218c3df0987f4c0e0008ca00d6b6472d9b89b36"
  integrity sha512-e/vggGopEfTKSvj4ihnOLTsqhrKRN3LeO6qSN/GxohhuRv8qH9bNQ4B8W7e/vFL+0XTnmHPB4/kegunZGA4Org==
